
Microsoft Visual Studio Solution File, Format Version 12.00
# Visual Studio Version 16
VisualStudioVersion = 16.0.30717.126
MinimumVisualStudioVersion = 10.0.40219.1
Project("{FAE04EC0-301F-11D3-BF4B-00C04F79EFBC}") = "ParkingUN", "ParkingUN\ParkingUN.csproj", "{88D54F37-148C-41C5-863D-437FA469FC6B}"
EndProject
Global
	GlobalSection(SolutionConfigurationPlatforms) = preSolution
		Debug|Any CPU = Debug|Any CPU
		Release|Any CPU = Release|Any CPU
	EndGlobalSection
	GlobalSection(ProjectConfigurationPlatforms) = postSolution
		{88D54F37-148C-41C5-863D-437FA469FC6B}.Debug|Any CPU.ActiveCfg = Debug|Any CPU
		{88D54F37-148C-41C5-863D-437FA469FC6B}.Debug|Any CPU.Build.0 = Debug|Any CPU
		{88D54F37-148C-41C5-863D-437FA469FC6B}.Release|Any CPU.ActiveCfg = Release|Any CPU
		{88D54F37-148C-41C5-863D-437FA469FC6B}.Release|Any CPU.Build.0 = Release|Any CPU
	EndGlobalSection
	GlobalSection(SolutionProperties) = preSolution
		HideSolutionNode = FALSE
	EndGlobalSection
	GlobalSection(ExtensibilityGlobals) = postSolution
		SolutionGuid = {6AD9E657-0F80-4B69-AB99-F74137E7AD5D}
	EndGlobalSection
EndGlobal
